
Microsoft Visual Studio Solution File, Format Version 12.00
# Visual Studio 15
VisualStudioVersion = 15.0.27004.2002
MinimumVisualStudioVersion = 10.0.40219.1
Project("{FAE04EC0-301F-11D3-BF4B-00C04F79EFBC}") = "JenkinsTest", "JenkinsTest\JenkinsTest.csproj", "{3DE37512-DD45-408A-BB20-8C1CB6F8CAFD}"
EndProject
Global
	GlobalSection(SolutionConfigurationPlatforms) = preSolution
		Debug|Any CPU = Debug|Any CPU
		Release|Any CPU = Release|Any CPU
	EndGlobalSection
	GlobalSection(ProjectConfigurationPlatforms) = postSolution
		{3DE37512-DD45-408A-BB20-8C1CB6F8CAFD}.Debug|Any CPU.ActiveCfg = Debug|Any CPU
		{3DE37512-DD45-408A-BB20-8C1CB6F8CAFD}.Debug|Any CPU.Build.0 = Debug|Any CPU
		{3DE37512-DD45-408A-BB20-8C1CB6F8CAFD}.Release|Any CPU.ActiveCfg = Release|Any CPU
		{3DE37512-DD45-408A-BB20-8C1CB6F8CAFD}.Release|Any CPU.Build.0 = Release|Any CPU
	EndGlobalSection
	GlobalSection(SolutionProperties) = preSolution
		HideSolutionNode = FALSE
	EndGlobalSection
	GlobalSection(ExtensibilityGlobals) = postSolution
		SolutionGuid = {48C51C10-0477-4BA3-830C-CC68641F72D7}
	EndGlobalSection
EndGlobal
